
Microsoft Visual Studio Solution File, Format Version 12.00
# Visual Studio Version 17
VisualStudioVersion = 17.11.35303.130
MinimumVisualStudioVersion = 10.0.40219.1
Project("{8BC9CEB8-8B4A-11D0-8D11-00A0C91BC942}") = "EnumDesktopIcons", "EnumDesktopIcons\EnumDesktopIcons.vcxproj", "{25217011-47E3-4A34-8E53-1A6D0BCAFFCA}"
EndProject
Global
	GlobalSection(SolutionConfigurationPlatforms) = preSolution
		Debug|x64 = Debug|x64
		Debug|x86 = Debug|x86
		Release|x64 = Release|x64
		Release|x86 = Release|x86
	EndGlobalSection
	GlobalSection(ProjectConfigurationPlatforms) = postSolution
		{25217011-47E3-4A34-8E53-1A6D0BCAFFCA}.Debug|x64.ActiveCfg = Debug|x64
		{25217011-47E3-4A34-8E53-1A6D0BCAFFCA}.Debug|x64.Build.0 = Debug|x64
		{25217011-47E3-4A34-8E53-1A6D0BCAFFCA}.Debug|x86.ActiveCfg = Debug|Win32
		{25217011-47E3-4A34-8E53-1A6D0BCAFFCA}.Debug|x86.Build.0 = Debug|Win32
		{25217011-47E3-4A34-8E53-1A6D0BCAFFCA}.Release|x64.ActiveCfg = Release|x64
		{25217011-47E3-4A34-8E53-1A6D0BCAFFCA}.Release|x64.Build.0 = Release|x64
		{25217011-47E3-4A34-8E53-1A6D0BCAFFCA}.Release|x86.ActiveCfg = Release|Win32
		{25217011-47E3-4A34-8E53-1A6D0BCAFFCA}.Release|x86.Build.0 = Release|Win32
	EndGlobalSection
	GlobalSection(SolutionProperties) = preSolution
		HideSolutionNode = FALSE
	EndGlobalSection
	GlobalSection(ExtensibilityGlobals) = postSolution
		SolutionGuid = {A78D53FD-DE97-4A31-83AD-A3130086958D}
	EndGlobalSection
EndGlobal
